// !$*UTF8*$!
{
	archiveVersion = 1;
	classes = {
	};
	objectVersion = 50;
	objects = {

/* Begin PBXBuildFile section */
		223619B424D2A572004AD2EE /* AppDelegate.swift in Sources */ = {isa = PBXBuildFile; fileRef = 223619B324D2A572004AD2EE /* AppDelegate.swift */; };
		223619B624D2A572004AD2EE /* GameScene.sks in Resources */ = {isa = PBXBuildFile; fileRef = 223619B524D2A572004AD2EE /* GameScene.sks */; };
		223619B824D2A572004AD2EE /* Actions.sks in Resources */ = {isa = PBXBuildFile; fileRef = 223619B724D2A572004AD2EE /* Actions.sks */; };
		223619BA24D2A572004AD2EE /* GameScene.swift in Sources */ = {isa = PBXBuildFile; fileRef = 223619B924D2A572004AD2EE /* GameScene.swift */; };
		223619BC24D2A572004AD2EE /* GameViewController.swift in Sources */ = {isa = PBXBuildFile; fileRef = 223619BB24D2A572004AD2EE /* GameViewController.swift */; };
		223619BF24D2A572004AD2EE /* Main.storyboard in Resources */ = {isa = PBXBuildFile; fileRef = 223619BD24D2A572004AD2EE /* Main.storyboard */; };
		223619C124D2A573004AD2EE /* Assets.xcassets in Resources */ = {isa = PBXBuildFile; fileRef = 223619C024D2A573004AD2EE /* Assets.xcassets */; };
		223619C424D2A573004AD2EE /* LaunchScreen.storyboard in Resources */ = {isa = PBXBuildFile; fileRef = 223619C224D2A573004AD2EE /* LaunchScreen.storyboard */; };
/* End PBXBuildFile section */

/* Begin PBXFileReference section */
		223619B024D2A572004AD2EE /* Project_14.app */ = {isa = PBXFileReference; explicitFileType = wrapper.application; includeInIndex = 0; path = Project_14.app; sourceTree = BUILT_PRODUCTS_DIR; };
		223619B324D2A572004AD2EE /* AppDelegate.swift */ = {isa = PBXFileReference; lastKnownFileType = sourcecode.swift; path = AppDelegate.swift; sourceTree = "<group>"; };
		223619B524D2A572004AD2EE /* GameScene.sks */ = {isa = PBXFileReference; lastKnownFileType = file.sks; path = GameScene.sks; sourceTree = "<group>"; };
		223619B724D2A572004AD2EE /* Actions.sks */ = {isa = PBXFileReference; lastKnownFileType = file.sks; path = Actions.sks; sourceTree = "<group>"; };
		223619B924D2A572004AD2EE /* GameScene.swift */ = {isa = PBXFileReference; lastKnownFileType = sourcecode.swift; path = GameScene.swift; sourceTree = "<group>"; };
		223619BB24D2A572004AD2EE /* GameViewController.swift */ = {isa = PBXFileReference; lastKnownFileType = sourcecode.swift; path = GameViewController.swift; sourceTree = "<group>"; };
		223619BE24D2A572004AD2EE /* Base */ = {isa = PBXFileReference; lastKnownFileType = file.storyboard; name = Base; path = Base.lproj/Main.storyboard; sourceTree = "<group>"; };
		223619C024D2A573004AD2EE /* Assets.xcassets */ = {isa = PBXFileReference; lastKnownFileType = folder.assetcatalog; path = Assets.xcassets; sourceTree = "<group>"; };
		223619C324D2A573004AD2EE /* Base */ = {isa = PBXFileReference; lastKnownFileType = file.storyboard; name = Base; path = Base.lproj/LaunchScreen.storyboard; sourceTree = "<group>"; };
		223619C524D2A573004AD2EE /* Info.plist */ = {isa = PBXFileReference; lastKnownFileType = text.plist.xml; path = Info.plist; sourceTree = "<group>"; };
/* End PBXFileReference section */

/* Begin PBXFrameworksBuildPhase section */
		223619AD24D2A572004AD2EE /* Frameworks */ = {
			isa = PBXFrameworksBuildPhase;
			buildActionMask = 2147483647;
			files = (
			);
			runOnlyForDeploymentPostprocessing = 0;
		};
/* End PBXFrameworksBuildPhase section */

/* Begin PBXGroup section */
		223619A724D2A572004AD2EE = {
			isa = PBXGroup;
			children = (
				223619B224D2A572004AD2EE /* Project_14 */,
				223619B124D2A572004AD2EE /* Products */,
			);
			sourceTree = "<group>";
		};
		223619B124D2A572004AD2EE /* Products */ = {
			isa = PBXGroup;
			children = (
				223619B024D2A572004AD2EE /* Project_14.app */,
			);
			name = Products;
			sourceTree = "<group>";
		};
		223619B224D2A572004AD2EE /* Project_14 */ = {
			isa = PBXGroup;
			children = (
				223619B324D2A572004AD2EE /* AppDelegate.swift */,
				223619B524D2A572004AD2EE /* GameScene.sks */,
				223619B724D2A572004AD2EE /* Actions.sks */,
				223619B924D2A572004AD2EE /* GameScene.swift */,
				223619BB24D2A572004AD2EE /* GameViewController.swift */,
				223619BD24D2A572004AD2EE /* Main.storyboard */,
				223619C024D2A573004AD2EE /* Assets.xcassets */,
				223619C224D2A573004AD2EE /* LaunchScreen.storyboard */,
				223619C524D2A573004AD2EE /* Info.plist */,
			);
			path = Project_14;
			sourceTree = "<group>";
		};
/* End PBXGroup section */

/* Begin PBXNativeTarget section */
		223619AF24D2A572004AD2EE /* Project_14 */ = {
			isa = PBXNativeTarget;
			buildConfigurationList = 223619C824D2A573004AD2EE /* Build configuration list for PBXNativeTarget "Project_14" */;
			buildPhases = (
				223619AC24D2A572004AD2EE /* Sources */,
				223619AD24D2A572004AD2EE /* Frameworks */,
				223619AE24D2A572004AD2EE /* Resources */,
			);
			buildRules = (
			);
			dependencies = (
			);
			name = Project_14;
			productName = Project_14;
			productReference = 223619B024D2A572004AD2EE /* Project_14.app */;
			productType = "com.apple.product-type.application";
		};
/* End PBXNativeTarget section */

/* Begin PBXProject section */
		223619A824D2A572004AD2EE /* Project object */ = {
			isa = PBXProject;
			attributes = {
				LastSwiftUpdateCheck = 1140;
				LastUpgradeCheck = 1140;
				ORGANIZATIONNAME = "Subhrajyoti Chakraborty";
				TargetAttributes = {
					223619AF24D2A572004AD2EE = {
						CreatedOnToolsVersion = 11.4.1;
					};
				};
			};
			buildConfigurationList = 223619AB24D2A572004AD2EE /* Build configuration list for PBXProject "Project_14" */;
			compatibilityVersion = "Xcode 9.3";
			developmentRegion = en;
			hasScannedForEncodings = 0;
			knownRegions = (
				en,
				Base,
			);
			mainGroup = 223619A724D2A572004AD2EE;
			productRefGroup = 223619B124D2A572004AD2EE /* Products */;
			projectDirPath = "";
			projectRoot = "";
			targets = (
				223619AF24D2A572004AD2EE /* Project_14 */,
			);
		};
/* End PBXProject section */

/* Begin PBXResourcesBuildPhase section */
		223619AE24D2A572004AD2EE /* Resources */ = {
			isa = PBXResourcesBuildPhase;
			buildActionMask = 2147483647;
			files = (
				223619BF24D2A572004AD2EE /* Main.storyboard in Resources */,
				223619B624D2A572004AD2EE /* GameScene.sks in Resources */,
				223619C124D2A573004AD2EE /* Assets.xcassets in Resources */,
				223619C424D2A573004AD2EE /* LaunchScreen.storyboard in Resources */,
				223619B824D2A572004AD2EE /* Actions.sks in Resources */,
			);
			runOnlyForDeploymentPostprocessing = 0;
		};
/* End PBXResourcesBuildPhase section */

/* Begin PBXSourcesBuildPhase section */
		223619AC24D2A572004AD2EE /* Sources */ = {
			isa = PBXSourcesBuildPhase;
			buildActionMask = 2147483647;
			files = (
				223619BA24D2A572004AD2EE /* GameScene.swift in Sources */,
				223619BC24D2A572004AD2EE /* GameViewController.swift in Sources */,
				223619B424D2A572004AD2EE /* AppDelegate.swift in Sources */,
			);
			runOnlyForDeploymentPostprocessing = 0;
		};
/* End PBXSourcesBuildPhase section */

/* Begin PBXVariantGroup section */
		223619BD24D2A572004AD2EE /* Main.storyboard */ = {
			isa = PBXVariantGroup;
			children = (
				223619BE24D2A572004AD2EE /* Base */,
			);
			name = Main.storyboard;
			sourceTree = "<group>";
		};
		223619C224D2A573004AD2EE /* LaunchScreen.storyboard */ = {
			isa = PBXVariantGroup;
			children = (
				223619C324D2A573004AD2EE /* Base */,
			);
			name = LaunchScreen.storyboard;
			sourceTree = "<group>";
		};
/* End PBXVariantGroup section */

/* Begin XCBuildConfiguration section */
		223619C624D2A573004AD2EE /* Debug */ = {
			isa = XCBuildConfiguration;
			buildSettings = {
				ALWAYS_SEARCH_USER_PATHS = NO;
				CLANG_ANALYZER_NONNULL = YES;
				CLANG_ANALYZER_NUMBER_OBJECT_CONVERSION = YES_AGGRESSIVE;
				CLANG_CXX_LANGUAGE_STANDARD = "gnu++14";
				CLANG_CXX_LIBRARY = "libc++";
				CLANG_ENABLE_MODULES = YES;
				CLANG_ENABLE_OBJC_ARC = YES;
				CLANG_ENABLE_OBJC_WEAK = YES;
				CLANG_WARN_BLOCK_CAPTURE_AUTORELEASING = YES;
				CLANG_WARN_BOOL_CONVERSION = YES;
				CLANG_WARN_COMMA = YES;
				CLANG_WARN_CONSTANT_CONVERSION = YES;
				CLANG_WARN_DEPRECATED_OBJC_IMPLEMENTATIONS = YES;
				CLANG_WARN_DIRECT_OBJC_ISA_USAGE = YES_ERROR;
				CLANG_WARN_DOCUMENTATION_COMMENTS = YES;
				CLANG_WARN_EMPTY_BODY = YES;
				CLANG_WARN_ENUM_CONVERSION = YES;
				CLANG_WARN_INFINITE_RECURSION = YES;
				CLANG_WARN_INT_CONVERSION = YES;
				CLANG_WARN_NON_LITERAL_NULL_CONVERSION = YES;
				CLANG_WARN_OBJC_IMPLICIT_RETAIN_SELF = YES;
				CLANG_WARN_OBJC_LITERAL_CONVERSION = YES;
				CLANG_WARN_OBJC_ROOT_CLASS = YES_ERROR;
				CLANG_WARN_RANGE_LOOP_ANALYSIS = YES;
				CLANG_WARN_STRICT_PROTOTYPES = YES;
				CLANG_WARN_SUSPICIOUS_MOVE = YES;
				CLANG_WARN_UNGUARDED_AVAILABILITY = YES_AGGRESSIVE;
				CLANG_WARN_UNREACHABLE_CODE = YES;
				CLANG_WARN__DUPLICATE_METHOD_MATCH = YES;
				COPY_PHASE_STRIP = NO;
				DEBUG_INFORMATION_FORMAT = dwarf;
				ENABLE_STRICT_OBJC_MSGSEND = YES;
				ENABLE_TESTABILITY = YES;
				GCC_C_LANGUAGE_STANDARD = gnu11;
				GCC_DYNAMIC_NO_PIC = NO;
				GCC_NO_COMMON_BLOCKS = YES;
				GCC_OPTIMIZATION_LEVEL = 0;
				GCC_PREPROCESSOR_DEFINITIONS = (
					"DEBUG=1",
					"$(inherited)",
				);
				GCC_WARN_64_TO_32_BIT_CONVERSION = YES;
				GCC_WARN_ABOUT_RETURN_TYPE = YES_ERROR;
				GCC_WARN_UNDECLARED_SELECTOR = YES;
				GCC_WARN_UNINITIALIZED_AUTOS = YES_AGGRESSIVE;
				GCC_WARN_UNUSED_FUNCTION = YES;
				GCC_WARN_UNUSED_VARIABLE = YES;
				IPHONEOS_DEPLOYMENT_TARGET = 13.4;
				MTL_ENABLE_DEBUG_INFO = INCLUDE_SOURCE;
				MTL_FAST_MATH = YES;
				ONLY_ACTIVE_ARCH = YES;
				SDKROOT = iphoneos;
				SWIFT_ACTIVE_COMPILATION_CONDITIONS = DEBUG;
				SWIFT_OPTIMIZATION_LEVEL = "-Onone";
			};
			name = Debug;
		};
		223619C724D2A573004AD2EE /* Release */ = {
			isa = XCBuildConfiguration;
			buildSettings = {
				ALWAYS_SEARCH_USER_PATHS = NO;
				CLANG_ANALYZER_NONNULL = YES;
				CLANG_ANALYZER_NUMBER_OBJECT_CONVERSION = YES_AGGRESSIVE;
				CLANG_CXX_LANGUAGE_STANDARD = "gnu++14";
				CLANG_CXX_LIBRARY = "libc++";
				CLANG_ENABLE_MODULES = YES;
				CLANG_ENABLE_OBJC_ARC = YES;
				CLANG_ENABLE_OBJC_WEAK = YES;
				CLANG_WARN_BLOCK_CAPTURE_AUTORELEASING = YES;
				CLANG_WARN_BOOL_CONVERSION = YES;
				CLANG_WARN_COMMA = YES;
				CLANG_WARN_CONSTANT_CONVERSION = YES;
				CLANG_WARN_DEPRECATED_OBJC_IMPLEMENTATIONS = YES;
				CLANG_WARN_DIRECT_OBJC_ISA_USAGE = YES_ERROR;
				CLANG_WARN_DOCUMENTATION_COMMENTS = YES;
				CLANG_WARN_EMPTY_BODY = YES;
				CLANG_WARN_ENUM_CONVERSION = YES;
				CLANG_WARN_INFINITE_RECURSION = YES;
				CLANG_WARN_INT_CONVERSION = YES;
				CLANG_WARN_NON_LITERAL_NULL_CONVERSION = YES;
				CLANG_WARN_OBJC_IMPLICIT_RETAIN_SELF = YES;
				CLANG_WARN_OBJC_LITERAL_CONVERSION = YES;
				CLANG_WARN_OBJC_ROOT_CLASS = YES_ERROR;
				CLANG_WARN_RANGE_LOOP_ANALYSIS = YES;
				CLANG_WARN_STRICT_PROTOTYPES = YES;
				CLANG_WARN_SUSPICIOUS_MOVE = YES;
				CLANG_WARN_UNGUARDED_AVAILABILITY = YES_AGGRESSIVE;
				CLANG_WARN_UNREACHABLE_CODE = YES;
				CLANG_WARN__DUPLICATE_METHOD_MATCH = YES;
				COPY_PHASE_STRIP = NO;
				DEBUG_INFORMATION_FORMAT = "dwarf-with-dsym";
				ENABLE_NS_ASSERTIONS = NO;
				ENABLE_STRICT_OBJC_MSGSEND = YES;
				GCC_C_LANGUAGE_STANDARD = gnu11;
				GCC_NO_COMMON_BLOCKS = YES;
				GCC_WARN_64_TO_32_BIT_CONVERSION = YES;
				GCC_WARN_ABOUT_RETURN_TYPE = YES_ERROR;
				GCC_WARN_UNDECLARED_SELECTOR = YES;
				GCC_WARN_UNINITIALIZED_AUTOS = YES_AGGRESSIVE;
				GCC_WARN_UNUSED_FUNCTION = YES;
				GCC_WARN_UNUSED_VARIABLE = YES;
				IPHONEOS_DEPLOYMENT_TARGET = 13.4;
				MTL_ENABLE_DEBUG_INFO = NO;
				MTL_FAST_MATH = YES;
				SDKROOT = iphoneos;
				SWIFT_COMPILATION_MODE = wholemodule;
				SWIFT_OPTIMIZATION_LEVEL = "-O";
				VALIDATE_PRODUCT = YES;
			};
			name = Release;
		};
		223619C924D2A573004AD2EE /* Debug */ = {
			isa = XCBuildConfiguration;
			buildSettings = {
				ASSETCATALOG_COMPILER_APPICON_NAME = AppIcon;
				CODE_SIGN_STYLE = Automatic;
				INFOPLIST_FILE = Project_14/Info.plist;
				LD_RUNPATH_SEARCH_PATHS = (
					"$(inherited)",
					"@executable_path/Frameworks",
				);
				PRODUCT_BUNDLE_IDENTIFIER = "com.subha.Project-14";
				PRODUCT_NAME = "$(TARGET_NAME)";
				SWIFT_VERSION = 5.0;
				TARGETED_DEVICE_FAMILY = "1,2";
			};
			name = Debug;
		};
		223619CA24D2A573004AD2EE /* Release */ = {
			isa = XCBuildConfiguration;
			buildSettings = {
				ASSETCATALOG_COMPILER_APPICON_NAME = AppIcon;
				CODE_SIGN_STYLE = Automatic;
				INFOPLIST_FILE = Project_14/Info.plist;
				LD_RUNPATH_SEARCH_PATHS = (
					"$(inherited)",
					"@executable_path/Frameworks",
				);
				PRODUCT_BUNDLE_IDENTIFIER = "com.subha.Project-14";
				PRODUCT_NAME = "$(TARGET_NAME)";
				SWIFT_VERSION = 5.0;
				TARGETED_DEVICE_FAMILY = "1,2";
			};
			name = Release;
		};
/* End XCBuildConfiguration section */

/* Begin XCConfigurationList section */
		223619AB24D2A572004AD2EE /* Build configuration list for PBXProject "Project_14" */ = {
			isa = XCConfigurationList;
			buildConfigurations = (
				223619C624D2A573004AD2EE /* Debug */,
				223619C724D2A573004AD2EE /* Release */,
			);
			defaultConfigurationIsVisible = 0;
			defaultConfigurationName = Release;
		};
		223619C824D2A573004AD2EE /* Build configuration list for PBXNativeTarget "Project_14" */ = {
			isa = XCConfigurationList;
			buildConfigurations = (
				223619C924D2A573004AD2EE /* Debug */,
				223619CA24D2A573004AD2EE /* Release */,
			);
			defaultConfigurationIsVisible = 0;
			defaultConfigurationName = Release;
		};
/* End XCConfigurationList section */
	};
	rootObject = 223619A824D2A572004AD2EE /* Project object */;
}
